// !$*UTF8*$!
{
	archiveVersion = 1;
	classes = {
	};
	objectVersion = 42;
	objects = {

/* Begin PBXBuildFile section */
		E43121A80C7DEC2700E7BC7C /* ofAppRunner.cpp in Sources */ = {isa = PBXBuildFile; fileRef = E43121860C7DEC2700E7BC7C /* ofAppRunner.cpp */; };
		E43121A90C7DEC2700E7BC7C /* ofSerial.cpp in Sources */ = {isa = PBXBuildFile; fileRef = E431218A0C7DEC2700E7BC7C /* ofSerial.cpp */; };
		E43121AA0C7DEC2700E7BC7C /* ofGraphics.cpp in Sources */ = {isa = PBXBuildFile; fileRef = E431218D0C7DEC2700E7BC7C /* ofGraphics.cpp */; };
		E43121AB0C7DEC2700E7BC7C /* ofImage.cpp in Sources */ = {isa = PBXBuildFile; fileRef = E431218F0C7DEC2700E7BC7C /* ofImage.cpp */; };
		E43121AC0C7DEC2700E7BC7C /* ofTexture.cpp in Sources */ = {isa = PBXBuildFile; fileRef = E43121910C7DEC2700E7BC7C /* ofTexture.cpp */; };
		E43121AD0C7DEC2700E7BC7C /* ofTrueTypeFont.cpp in Sources */ = {isa = PBXBuildFile; fileRef = E43121930C7DEC2700E7BC7C /* ofTrueTypeFont.cpp */; };
		E43121AE0C7DEC2700E7BC7C /* ofSoundPlayer.cpp in Sources */ = {isa = PBXBuildFile; fileRef = E43121970C7DEC2700E7BC7C /* ofSoundPlayer.cpp */; };
		E43121AF0C7DEC2700E7BC7C /* ofSoundStream.cpp in Sources */ = {isa = PBXBuildFile; fileRef = E43121990C7DEC2700E7BC7C /* ofSoundStream.cpp */; };
		E43121B00C7DEC2700E7BC7C /* ofMath.cpp in Sources */ = {isa = PBXBuildFile; fileRef = E431219D0C7DEC2700E7BC7C /* ofMath.cpp */; };
		E43121B10C7DEC2700E7BC7C /* ofUtils.cpp in Sources */ = {isa = PBXBuildFile; fileRef = E431219F0C7DEC2700E7BC7C /* ofUtils.cpp */; };
		E43121B20C7DEC2700E7BC7C /* ofQtUtils.cpp in Sources */ = {isa = PBXBuildFile; fileRef = E43121A20C7DEC2700E7BC7C /* ofQtUtils.cpp */; };
		E43121B30C7DEC2700E7BC7C /* ofVideoGrabber.cpp in Sources */ = {isa = PBXBuildFile; fileRef = E43121A40C7DEC2700E7BC7C /* ofVideoGrabber.cpp */; };
		E43121B40C7DEC2700E7BC7C /* ofVideoPlayer.cpp in Sources */ = {isa = PBXBuildFile; fileRef = E43121A60C7DEC2700E7BC7C /* ofVideoPlayer.cpp */; };
		E4B69E200A3A1BDC003C02F2 /* main.cpp in Sources */ = {isa = PBXBuildFile; fileRef = E4B69E1D0A3A1BDC003C02F2 /* main.cpp */; };
		E4B69E210A3A1BDC003C02F2 /* testApp.cpp in Sources */ = {isa = PBXBuildFile; fileRef = E4B69E1E0A3A1BDC003C02F2 /* testApp.cpp */; };
		F5B358FC0E898A7100F9C501 /* ofxXmlSettings.cpp in Sources */ = {isa = PBXBuildFile; fileRef = F5B358F00E898A7100F9C501 /* ofxXmlSettings.cpp */; };
		F5B358FD0E898A7100F9C501 /* tinyxml.cpp in Sources */ = {isa = PBXBuildFile; fileRef = F5B358F30E898A7100F9C501 /* tinyxml.cpp */; };
		F5B358FE0E898A7100F9C501 /* tinyxmlerror.cpp in Sources */ = {isa = PBXBuildFile; fileRef = F5B358F50E898A7100F9C501 /* tinyxmlerror.cpp */; };
		F5B358FF0E898A7100F9C501 /* tinyxmlparser.cpp in Sources */ = {isa = PBXBuildFile; fileRef = F5B358F60E898A7100F9C501 /* tinyxmlparser.cpp */; };
		F5B359010E898A7100F9C501 /* ofxThread.cpp in Sources */ = {isa = PBXBuildFile; fileRef = F5B358FA0E898A7100F9C501 /* ofxThread.cpp */; };
		F5B3590E0E898B7200F9C501 /* udpClient.cpp in Sources */ = {isa = PBXBuildFile; fileRef = F5B3590D0E898B7200F9C501 /* udpClient.cpp */; };
		F5B359DB0E89947D00F9C501 /* ofxTCPClient.cpp in Sources */ = {isa = PBXBuildFile; fileRef = F5B359C70E89947C00F9C501 /* ofxTCPClient.cpp */; };
		F5B359DC0E89947D00F9C501 /* ofxTCPManager.cpp in Sources */ = {isa = PBXBuildFile; fileRef = F5B359C90E89947C00F9C501 /* ofxTCPManager.cpp */; };
		F5B359DD0E89947D00F9C501 /* ofxTCPServer.cpp in Sources */ = {isa = PBXBuildFile; fileRef = F5B359CB0E89947C00F9C501 /* ofxTCPServer.cpp */; };
		F5B359DE0E89947D00F9C501 /* ofxUDPManager.cpp in Sources */ = {isa = PBXBuildFile; fileRef = F5B359CD0E89947C00F9C501 /* ofxUDPManager.cpp */; };
		F5E3A59F0E9BFC1C00464EBA /* mpeClient-Info.plist in Resources */ = {isa = PBXBuildFile; fileRef = F5E3A59E0E9BFC1C00464EBA /* mpeClient-Info.plist */; };
		F5E3A63C0E9C093500464EBA /* ball.cpp in Sources */ = {isa = PBXBuildFile; fileRef = F5E3A63B0E9C093500464EBA /* ball.cpp */; };
/* End PBXBuildFile section */

/* Begin PBXFileReference section */
		E411BE020CFA279F007A1F4A /* ofAddons.h */ = {isa = PBXFileReference; fileEncoding = 30; lastKnownFileType = sourcecode.c.h; name = ofAddons.h; path = ../../../addons/ofAddons.h; sourceTree = SOURCE_ROOT; };
		E43121850C7DEC2700E7BC7C /* ofAppGlutGlue.h */ = {isa = PBXFileReference; fileEncoding = 30; lastKnownFileType = sourcecode.c.h; name = ofAppGlutGlue.h; path = ../../../libs/openFrameworks/app/ofAppGlutGlue.h; sourceTree = SOURCE_ROOT; };
		E43121860C7DEC2700E7BC7C /* ofAppRunner.cpp */ = {isa = PBXFileReference; fileEncoding = 30; lastKnownFileType = sourcecode.cpp.cpp; name = ofAppRunner.cpp; path = ../../../libs/openFrameworks/app/ofAppRunner.cpp; sourceTree = SOURCE_ROOT; };
		E43121870C7DEC2700E7BC7C /* ofAppRunner.h */ = {isa = PBXFileReference; fileEncoding = 30; lastKnownFileType = sourcecode.c.h; name = ofAppRunner.h; path = ../../../libs/openFrameworks/app/ofAppRunner.h; sourceTree = SOURCE_ROOT; };
		E43121880C7DEC2700E7BC7C /* ofSimpleApp.h */ = {isa = PBXFileReference; fileEncoding = 30; lastKnownFileType = sourcecode.c.h; name = ofSimpleApp.h; path = ../../../libs/openFrameworks/app/ofSimpleApp.h; sourceTree = SOURCE_ROOT; };
		E431218A0C7DEC2700E7BC7C /* ofSerial.cpp */ = {isa = PBXFileReference; fileEncoding = 30; lastKnownFileType = sourcecode.cpp.cpp; name = ofSerial.cpp; path = ../../../libs/openFrameworks/communication/ofSerial.cpp; sourceTree = SOURCE_ROOT; };
		E431218B0C7DEC2700E7BC7C /* ofSerial.h */ = {isa = PBXFileReference; fileEncoding = 30; lastKnownFileType = sourcecode.c.h; name = ofSerial.h; path = ../../../libs/openFrameworks/communication/ofSerial.h; sourceTree = SOURCE_ROOT; };
		E431218D0C7DEC2700E7BC7C /* ofGraphics.cpp */ = {isa = PBXFileReference; fileEncoding = 30; lastKnownFileType = sourcecode.cpp.cpp; name = ofGraphics.cpp; path = ../../../libs/openFrameworks/graphics/ofGraphics.cpp; sourceTree = SOURCE_ROOT; };
		E431218E0C7DEC2700E7BC7C /* ofGraphics.h */ = {isa = PBXFileReference; fileEncoding = 30; lastKnownFileType = sourcecode.c.h; name = ofGraphics.h; path = ../../../libs/openFrameworks/graphics/ofGraphics.h; sourceTree = SOURCE_ROOT; };
		E431218F0C7DEC2700E7BC7C /* ofImage.cpp */ = {isa = PBXFileReference; fileEncoding = 30; lastKnownFileType = sourcecode.cpp.cpp; name = ofImage.cpp; path = ../../../libs/openFrameworks/graphics/ofImage.cpp; sourceTree = SOURCE_ROOT; };
		E43121900C7DEC2700E7BC7C /* ofImage.h */ = {isa = PBXFileReference; fileEncoding = 30; lastKnownFileType = sourcecode.c.h; name = ofImage.h; path = ../../../libs/openFrameworks/graphics/ofImage.h; sourceTree = SOURCE_ROOT; };
		E43121910C7DEC2700E7BC7C /* ofTexture.cpp */ = {isa = PBXFileReference; fileEncoding = 30; lastKnownFileType = sourcecode.cpp.cpp; name = ofTexture.cpp; path = ../../../libs/openFrameworks/graphics/ofTexture.cpp; sourceTree = SOURCE_ROOT; };
		E43121920C7DEC2700E7BC7C /* ofTexture.h */ = {isa = PBXFileReference; fileEncoding = 30; lastKnownFileType = sourcecode.c.h; name = ofTexture.h; path = ../../../libs/openFrameworks/graphics/ofTexture.h; sourceTree = SOURCE_ROOT; };
		E43121930C7DEC2700E7BC7C /* ofTrueTypeFont.cpp */ = {isa = PBXFileReference; fileEncoding = 30; lastKnownFileType = sourcecode.cpp.cpp; name = ofTrueTypeFont.cpp; path = ../../../libs/openFrameworks/graphics/ofTrueTypeFont.cpp; sourceTree = SOURCE_ROOT; };
		E43121940C7DEC2700E7BC7C /* ofTrueTypefont.h */ = {isa = PBXFileReference; fileEncoding = 30; lastKnownFileType = sourcecode.c.h; name = ofTrueTypefont.h; path = ../../../libs/openFrameworks/graphics/ofTrueTypefont.h; sourceTree = SOURCE_ROOT; };
		E43121950C7DEC2700E7BC7C /* ofMain.h */ = {isa = PBXFileReference; fileEncoding = 30; lastKnownFileType = sourcecode.c.h; name = ofMain.h; path = ../../../libs/openFrameworks/ofMain.h; sourceTree = SOURCE_ROOT; };
		E43121970C7DEC2700E7BC7C /* ofSoundPlayer.cpp */ = {isa = PBXFileReference; fileEncoding = 30; lastKnownFileType = sourcecode.cpp.cpp; name = ofSoundPlayer.cpp; path = ../../../libs/openFrameworks/sound/ofSoundPlayer.cpp; sourceTree = SOURCE_ROOT; };
		E43121980C7DEC2700E7BC7C /* ofSoundPlayer.h */ = {isa = PBXFileReference; fileEncoding = 30; lastKnownFileType = sourcecode.c.h; name = ofSoundPlayer.h; path = ../../../libs/openFrameworks/sound/ofSoundPlayer.h; sourceTree = SOURCE_ROOT; };
		E43121990C7DEC2700E7BC7C /* ofSoundStream.cpp */ = {isa = PBXFileReference; fileEncoding = 30; lastKnownFileType = sourcecode.cpp.cpp; name = ofSoundStream.cpp; path = ../../../libs/openFrameworks/sound/ofSoundStream.cpp; sourceTree = SOURCE_ROOT; };
		E431219A0C7DEC2700E7BC7C /* ofSoundStream.h */ = {isa = PBXFileReference; fileEncoding = 30; lastKnownFileType = sourcecode.c.h; name = ofSoundStream.h; path = ../../../libs/openFrameworks/sound/ofSoundStream.h; sourceTree = SOURCE_ROOT; };
		E431219C0C7DEC2700E7BC7C /* ofConstants.h */ = {isa = PBXFileReference; fileEncoding = 30; lastKnownFileType = sourcecode.c.h; name = ofConstants.h; path = ../../../libs/openFrameworks/utils/ofConstants.h; sourceTree = SOURCE_ROOT; };
		E431219D0C7DEC2700E7BC7C /* ofMath.cpp */ = {isa = PBXFileReference; fileEncoding = 30; lastKnownFileType = sourcecode.cpp.cpp; name = ofMath.cpp; path = ../../../libs/openFrameworks/utils/ofMath.cpp; sourceTree = SOURCE_ROOT; };
		E431219E0C7DEC2700E7BC7C /* ofMath.h */ = {isa = PBXFileReference; fileEncoding = 30; lastKnownFileType = sourcecode.c.h; name = ofMath.h; path = ../../../libs/openFrameworks/utils/ofMath.h; sourceTree = SOURCE_ROOT; };
		E431219F0C7DEC2700E7BC7C /* ofUtils.cpp */ = {isa = PBXFileReference; fileEncoding = 30; lastKnownFileType = sourcecode.cpp.cpp; name = ofUtils.cpp; path = ../../../libs/openFrameworks/utils/ofUtils.cpp; sourceTree = SOURCE_ROOT; };
		E43121A00C7DEC2700E7BC7C /* ofUtils.h */ = {isa = PBXFileReference; fileEncoding = 30; lastKnownFileType = sourcecode.c.h; name = ofUtils.h; path = ../../../libs/openFrameworks/utils/ofUtils.h; sourceTree = SOURCE_ROOT; };
		E43121A20C7DEC2700E7BC7C /* ofQtUtils.cpp */ = {isa = PBXFileReference; fileEncoding = 30; lastKnownFileType = sourcecode.cpp.cpp; name = ofQtUtils.cpp; path = ../../../libs/openFrameworks/video/ofQtUtils.cpp; sourceTree = SOURCE_ROOT; };
		E43121A30C7DEC2700E7BC7C /* ofQtUtils.h */ = {isa = PBXFileReference; fileEncoding = 30; lastKnownFileType = sourcecode.c.h; name = ofQtUtils.h; path = ../../../libs/openFrameworks/video/ofQtUtils.h; sourceTree = SOURCE_ROOT; };
		E43121A40C7DEC2700E7BC7C /* ofVideoGrabber.cpp */ = {isa = PBXFileReference; fileEncoding = 30; lastKnownFileType = sourcecode.cpp.cpp; name = ofVideoGrabber.cpp; path = ../../../libs/openFrameworks/video/ofVideoGrabber.cpp; sourceTree = SOURCE_ROOT; };
		E43121A50C7DEC2700E7BC7C /* ofVideoGrabber.h */ = {isa = PBXFileReference; fileEncoding = 30; lastKnownFileType = sourcecode.c.h; name = ofVideoGrabber.h; path = ../../../libs/openFrameworks/video/ofVideoGrabber.h; sourceTree = SOURCE_ROOT; };
		E43121A60C7DEC2700E7BC7C /* ofVideoPlayer.cpp */ = {isa = PBXFileReference; fileEncoding = 30; lastKnownFileType = sourcecode.cpp.cpp; name = ofVideoPlayer.cpp; path = ../../../libs/openFrameworks/video/ofVideoPlayer.cpp; sourceTree = SOURCE_ROOT; };
		E43121A70C7DEC2700E7BC7C /* ofVideoPlayer.h */ = {isa = PBXFileReference; fileEncoding = 30; lastKnownFileType = sourcecode.c.h; name = ofVideoPlayer.h; path = ../../../libs/openFrameworks/video/ofVideoPlayer.h; sourceTree = SOURCE_ROOT; };
		E4B69B5B0A3A1756003C02F2 /* mpeClient.app */ = {isa = PBXFileReference; explicitFileType = wrapper.application; includeInIndex = 0; path = mpeClient.app; sourceTree = BUILT_PRODUCTS_DIR; };
		E4B69E1D0A3A1BDC003C02F2 /* main.cpp */ = {isa = PBXFileReference; fileEncoding = 30; lastKnownFileType = sourcecode.cpp.cpp; name = main.cpp; path = src/main.cpp; sourceTree = SOURCE_ROOT; };
		E4B69E1E0A3A1BDC003C02F2 /* testApp.cpp */ = {isa = PBXFileReference; fileEncoding = 30; lastKnownFileType = sourcecode.cpp.cpp; path = testApp.cpp; sourceTree = "<group>"; };
		E4B69E1F0A3A1BDC003C02F2 /* testApp.h */ = {isa = PBXFileReference; fileEncoding = 30; lastKnownFileType = sourcecode.c.h; path = testApp.h; sourceTree = "<group>"; };
		F5B358F00E898A7100F9C501 /* ofxXmlSettings.cpp */ = {isa = PBXFileReference; fileEncoding = 30; lastKnownFileType = sourcecode.cpp.cpp; name = ofxXmlSettings.cpp; path = ../../../addons/ofxXmlSettings/src/ofxXmlSettings.cpp; sourceTree = SOURCE_ROOT; };
		F5B358F10E898A7100F9C501 /* ofxXmlSettings.h */ = {isa = PBXFileReference; fileEncoding = 30; lastKnownFileType = sourcecode.c.h; name = ofxXmlSettings.h; path = ../../../addons/ofxXmlSettings/src/ofxXmlSettings.h; sourceTree = SOURCE_ROOT; };
		F5B358F30E898A7100F9C501 /* tinyxml.cpp */ = {isa = PBXFileReference; fileEncoding = 30; lastKnownFileType = sourcecode.cpp.cpp; name = tinyxml.cpp; path = ../../../addons/ofxXmlSettings/libs/tinyxml.cpp; sourceTree = SOURCE_ROOT; };
		F5B358F40E898A7100F9C501 /* tinyxml.h */ = {isa = PBXFileReference; fileEncoding = 30; lastKnownFileType = sourcecode.c.h; name = tinyxml.h; path = ../../../addons/ofxXmlSettings/libs/tinyxml.h; sourceTree = SOURCE_ROOT; };
		F5B358F50E898A7100F9C501 /* tinyxmlerror.cpp */ = {isa = PBXFileReference; fileEncoding = 30; lastKnownFileType = sourcecode.cpp.cpp; name = tinyxmlerror.cpp; path = ../../../addons/ofxXmlSettings/libs/tinyxmlerror.cpp; sourceTree = SOURCE_ROOT; };
		F5B358F60E898A7100F9C501 /* tinyxmlparser.cpp */ = {isa = PBXFileReference; fileEncoding = 30; lastKnownFileType = sourcecode.cpp.cpp; name = tinyxmlparser.cpp; path = ../../../addons/ofxXmlSettings/libs/tinyxmlparser.cpp; sourceTree = SOURCE_ROOT; };
		F5B358FA0E898A7100F9C501 /* ofxThread.cpp */ = {isa = PBXFileReference; fileEncoding = 30; lastKnownFileType = sourcecode.cpp.cpp; name = ofxThread.cpp; path = ../../../addons/ofxThread/src/ofxThread.cpp; sourceTree = SOURCE_ROOT; };
		F5B358FB0E898A7100F9C501 /* ofxThread.h */ = {isa = PBXFileReference; fileEncoding = 30; lastKnownFileType = sourcecode.c.h; name = ofxThread.h; path = ../../../addons/ofxThread/src/ofxThread.h; sourceTree = SOURCE_ROOT; };
		F5B3590C0E898B7200F9C501 /* udpClient.h */ = {isa = PBXFileReference; fileEncoding = 4; lastKnownFileType = sourcecode.c.h; path = udpClient.h; sourceTree = "<group>"; };
		F5B3590D0E898B7200F9C501 /* udpClient.cpp */ = {isa = PBXFileReference; fileEncoding = 4; lastKnownFileType = sourcecode.cpp.cpp; path = udpClient.cpp; sourceTree = "<group>"; };
		F5B359C60E89947C00F9C501 /* ofxNetwork.h */ = {isa = PBXFileReference; fileEncoding = 30; lastKnownFileType = sourcecode.c.h; name = ofxNetwork.h; path = ../../../addons/ofxNetwork/src/ofxNetwork.h; sourceTree = SOURCE_ROOT; };
		F5B359C70E89947C00F9C501 /* ofxTCPClient.cpp */ = {isa = PBXFileReference; fileEncoding = 30; lastKnownFileType = sourcecode.cpp.cpp; name = ofxTCPClient.cpp; path = ../../../addons/ofxNetwork/src/ofxTCPClient.cpp; sourceTree = SOURCE_ROOT; };
		F5B359C80E89947C00F9C501 /* ofxTCPClient.h */ = {isa = PBXFileReference; fileEncoding = 30; lastKnownFileType = sourcecode.c.h; name = ofxTCPClient.h; path = ../../../addons/ofxNetwork/src/ofxTCPClient.h; sourceTree = SOURCE_ROOT; };
		F5B359C90E89947C00F9C501 /* ofxTCPManager.cpp */ = {isa = PBXFileReference; fileEncoding = 30; lastKnownFileType = sourcecode.cpp.cpp; name = ofxTCPManager.cpp; path = ../../../addons/ofxNetwork/src/ofxTCPManager.cpp; sourceTree = SOURCE_ROOT; };
		F5B359CA0E89947C00F9C501 /* ofxTCPManager.h */ = {isa = PBXFileReference; fileEncoding = 30; lastKnownFileType = sourcecode.c.h; name = ofxTCPManager.h; path = ../../../addons/ofxNetwork/src/ofxTCPManager.h; sourceTree = SOURCE_ROOT; };
		F5B359CB0E89947C00F9C501 /* ofxTCPServer.cpp */ = {isa = PBXFileReference; fileEncoding = 30; lastKnownFileType = sourcecode.cpp.cpp; name = ofxTCPServer.cpp; path = ../../../addons/ofxNetwork/src/ofxTCPServer.cpp; sourceTree = SOURCE_ROOT; };
		F5B359CC0E89947C00F9C501 /* ofxTCPServer.h */ = {isa = PBXFileReference; fileEncoding = 30; lastKnownFileType = sourcecode.c.h; name = ofxTCPServer.h; path = ../../../addons/ofxNetwork/src/ofxTCPServer.h; sourceTree = SOURCE_ROOT; };
		F5B359CD0E89947C00F9C501 /* ofxUDPManager.cpp */ = {isa = PBXFileReference; fileEncoding = 30; lastKnownFileType = sourcecode.cpp.cpp; name = ofxUDPManager.cpp; path = ../../../addons/ofxNetwork/src/ofxUDPManager.cpp; sourceTree = SOURCE_ROOT; };
		F5B359CE0E89947C00F9C501 /* ofxUDPManager.h */ = {isa = PBXFileReference; fileEncoding = 30; lastKnownFileType = sourcecode.c.h; name = ofxUDPManager.h; path = ../../../addons/ofxNetwork/src/ofxUDPManager.h; sourceTree = SOURCE_ROOT; };
		F5E3A59E0E9BFC1C00464EBA /* mpeClient-Info.plist */ = {isa = PBXFileReference; fileEncoding = 30; lastKnownFileType = text.xml; path = "mpeClient-Info.plist"; sourceTree = SOURCE_ROOT; };
		F5E3A63A0E9C093500464EBA /* ball.h */ = {isa = PBXFileReference; fileEncoding = 4; lastKnownFileType = sourcecode.c.h; path = ball.h; sourceTree = "<group>"; };
		F5E3A63B0E9C093500464EBA /* ball.cpp */ = {isa = PBXFileReference; fileEncoding = 4; lastKnownFileType = sourcecode.cpp.cpp; path = ball.cpp; sourceTree = "<group>"; };
/* End PBXFileReference section */

/* Begin PBXFrameworksBuildPhase section */
		E4B69B590A3A1756003C02F2 /* Frameworks */ = {
			isa = PBXFrameworksBuildPhase;
			buildActionMask = 2147483647;
			files = (
			);
			runOnlyForDeploymentPostprocessing = 0;
		};
/* End PBXFrameworksBuildPhase section */

/* Begin PBXGroup section */
		E411BE010CFA279F007A1F4A /* addons */ = {
			isa = PBXGroup;
			children = (
				F5B359B80E89947C00F9C501 /* ofxNetwork */,
				F5B358EE0E898A7100F9C501 /* ofxXmlSettings */,
				F5B358F80E898A7100F9C501 /* ofxThread */,
				E411BE020CFA279F007A1F4A /* ofAddons.h */,
			);
			name = addons;
			path = ../../../addons;
			sourceTree = SOURCE_ROOT;
		};
		E43121830C7DEC2700E7BC7C /* openFrameworks */ = {
			isa = PBXGroup;
			children = (
				E43121950C7DEC2700E7BC7C /* ofMain.h */,
				E43121840C7DEC2700E7BC7C /* app */,
				E43121890C7DEC2700E7BC7C /* communication */,
				E431218C0C7DEC2700E7BC7C /* graphics */,
				E43121960C7DEC2700E7BC7C /* sound */,
				E431219B0C7DEC2700E7BC7C /* utils */,
				E43121A10C7DEC2700E7BC7C /* video */,
			);
			name = openFrameworks;
			path = ../../../libs/openFrameworks;
			sourceTree = SOURCE_ROOT;
		};
		E43121840C7DEC2700E7BC7C /* app */ = {
			isa = PBXGroup;
			children = (
				E43121850C7DEC2700E7BC7C /* ofAppGlutGlue.h */,
				E43121860C7DEC2700E7BC7C /* ofAppRunner.cpp */,
				E43121870C7DEC2700E7BC7C /* ofAppRunner.h */,
				E43121880C7DEC2700E7BC7C /* ofSimpleApp.h */,
			);
			name = app;
			path = ../../../libs/openFrameworks/app;
			sourceTree = SOURCE_ROOT;
		};
		E43121890C7DEC2700E7BC7C /* communication */ = {
			isa = PBXGroup;
			children = (
				E431218A0C7DEC2700E7BC7C /* ofSerial.cpp */,
				E431218B0C7DEC2700E7BC7C /* ofSerial.h */,
			);
			name = communication;
			path = ../../../libs/openFrameworks/communication;
			sourceTree = SOURCE_ROOT;
		};
		E431218C0C7DEC2700E7BC7C /* graphics */ = {
			isa = PBXGroup;
			children = (
				E431218D0C7DEC2700E7BC7C /* ofGraphics.cpp */,
				E431218E0C7DEC2700E7BC7C /* ofGraphics.h */,
				E431218F0C7DEC2700E7BC7C /* ofImage.cpp */,
				E43121900C7DEC2700E7BC7C /* ofImage.h */,
				E43121910C7DEC2700E7BC7C /* ofTexture.cpp */,
				E43121920C7DEC2700E7BC7C /* ofTexture.h */,
				E43121930C7DEC2700E7BC7C /* ofTrueTypeFont.cpp */,
				E43121940C7DEC2700E7BC7C /* ofTrueTypefont.h */,
			);
			name = graphics;
			path = ../../../libs/openFrameworks/graphics;
			sourceTree = SOURCE_ROOT;
		};
		E43121960C7DEC2700E7BC7C /* sound */ = {
			isa = PBXGroup;
			children = (
				E43121970C7DEC2700E7BC7C /* ofSoundPlayer.cpp */,
				E43121980C7DEC2700E7BC7C /* ofSoundPlayer.h */,
				E43121990C7DEC2700E7BC7C /* ofSoundStream.cpp */,
				E431219A0C7DEC2700E7BC7C /* ofSoundStream.h */,
			);
			name = sound;
			path = ../../../libs/openFrameworks/sound;
			sourceTree = SOURCE_ROOT;
		};
		E431219B0C7DEC2700E7BC7C /* utils */ = {
			isa = PBXGroup;
			children = (
				E431219C0C7DEC2700E7BC7C /* ofConstants.h */,
				E431219D0C7DEC2700E7BC7C /* ofMath.cpp */,
				E431219E0C7DEC2700E7BC7C /* ofMath.h */,
				E431219F0C7DEC2700E7BC7C /* ofUtils.cpp */,
				E43121A00C7DEC2700E7BC7C /* ofUtils.h */,
			);
			name = utils;
			path = ../../../libs/openFrameworks/utils;
			sourceTree = SOURCE_ROOT;
		};
		E43121A10C7DEC2700E7BC7C /* video */ = {
			isa = PBXGroup;
			children = (
				E43121A20C7DEC2700E7BC7C /* ofQtUtils.cpp */,
				E43121A30C7DEC2700E7BC7C /* ofQtUtils.h */,
				E43121A40C7DEC2700E7BC7C /* ofVideoGrabber.cpp */,
				E43121A50C7DEC2700E7BC7C /* ofVideoGrabber.h */,
				E43121A60C7DEC2700E7BC7C /* ofVideoPlayer.cpp */,
				E43121A70C7DEC2700E7BC7C /* ofVideoPlayer.h */,
			);
			name = video;
			path = ../../../libs/openFrameworks/video;
			sourceTree = SOURCE_ROOT;
		};
		E4B69B4A0A3A1720003C02F2 = {
			isa = PBXGroup;
			children = (
				E4B69E1C0A3A1BDC003C02F2 /* src */,
				E4B69E160A3A1A8B003C02F2 /* libs */,
				F5C26FB40D9AF9EC00D485F4 /* plist */,
				E4B69B5C0A3A1756003C02F2 /* Products */,
			);
			sourceTree = "<group>";
		};
		E4B69B5C0A3A1756003C02F2 /* Products */ = {
			isa = PBXGroup;
			children = (
				E4B69B5B0A3A1756003C02F2 /* mpeClient.app */,
			);
			name = Products;
			sourceTree = "<group>";
		};
		E4B69E160A3A1A8B003C02F2 /* libs */ = {
			isa = PBXGroup;
			children = (
				E43121830C7DEC2700E7BC7C /* openFrameworks */,
				E411BE010CFA279F007A1F4A /* addons */,
			);
			name = libs;
			sourceTree = "<group>";
		};
		E4B69E1C0A3A1BDC003C02F2 /* src */ = {
			isa = PBXGroup;
			children = (
				E4B69E1D0A3A1BDC003C02F2 /* main.cpp */,
				E4B69E1E0A3A1BDC003C02F2 /* testApp.cpp */,
				E4B69E1F0A3A1BDC003C02F2 /* testApp.h */,
				F5B3590D0E898B7200F9C501 /* udpClient.cpp */,
				F5B3590C0E898B7200F9C501 /* udpClient.h */,
				F5E3A63B0E9C093500464EBA /* ball.cpp */,
				F5E3A63A0E9C093500464EBA /* ball.h */,
			);
			path = src;
			sourceTree = SOURCE_ROOT;
		};
		F5B358EE0E898A7100F9C501 /* ofxXmlSettings */ = {
			isa = PBXGroup;
			children = (
				F5B358EF0E898A7100F9C501 /* src */,
				F5B358F20E898A7100F9C501 /* libs */,
			);
			name = ofxXmlSettings;
			path = ../../../addons/ofxXmlSettings;
			sourceTree = SOURCE_ROOT;
		};
		F5B358EF0E898A7100F9C501 /* src */ = {
			isa = PBXGroup;
			children = (
				F5B358F00E898A7100F9C501 /* ofxXmlSettings.cpp */,
				F5B358F10E898A7100F9C501 /* ofxXmlSettings.h */,
			);
			name = src;
			path = ../../../addons/ofxXmlSettings/src;
			sourceTree = SOURCE_ROOT;
		};
		F5B358F20E898A7100F9C501 /* libs */ = {
			isa = PBXGroup;
			children = (
				F5B358F30E898A7100F9C501 /* tinyxml.cpp */,
				F5B358F40E898A7100F9C501 /* tinyxml.h */,
				F5B358F50E898A7100F9C501 /* tinyxmlerror.cpp */,
				F5B358F60E898A7100F9C501 /* tinyxmlparser.cpp */,
			);
			name = libs;
			path = ../../../addons/ofxXmlSettings/libs;
			sourceTree = SOURCE_ROOT;
		};
		F5B358F80E898A7100F9C501 /* ofxThread */ = {
			isa = PBXGroup;
			children = (
				F5B358F90E898A7100F9C501 /* src */,
			);
			name = ofxThread;
			path = ../../../addons/ofxThread;
			sourceTree = SOURCE_ROOT;
		};
		F5B358F90E898A7100F9C501 /* src */ = {
			isa = PBXGroup;
			children = (
				F5B358FA0E898A7100F9C501 /* ofxThread.cpp */,
				F5B358FB0E898A7100F9C501 /* ofxThread.h */,
			);
			name = src;
			path = ../../../addons/ofxThread/src;
			sourceTree = SOURCE_ROOT;
		};
		F5B359B80E89947C00F9C501 /* ofxNetwork */ = {
			isa = PBXGroup;
			children = (
				F5B359C50E89947C00F9C501 /* src */,
			);
			name = ofxNetwork;
			path = ../../../addons/ofxNetwork;
			sourceTree = SOURCE_ROOT;
		};
		F5B359C50E89947C00F9C501 /* src */ = {
			isa = PBXGroup;
			children = (
				F5B359C60E89947C00F9C501 /* ofxNetwork.h */,
				F5B359C70E89947C00F9C501 /* ofxTCPClient.cpp */,
				F5B359C80E89947C00F9C501 /* ofxTCPClient.h */,
				F5B359C90E89947C00F9C501 /* ofxTCPManager.cpp */,
				F5B359CA0E89947C00F9C501 /* ofxTCPManager.h */,
				F5B359CB0E89947C00F9C501 /* ofxTCPServer.cpp */,
				F5B359CC0E89947C00F9C501 /* ofxTCPServer.h */,
				F5B359CD0E89947C00F9C501 /* ofxUDPManager.cpp */,
				F5B359CE0E89947C00F9C501 /* ofxUDPManager.h */,
			);
			name = src;
			path = ../../../addons/ofxNetwork/src;
			sourceTree = SOURCE_ROOT;
		};
		F5C26FB40D9AF9EC00D485F4 /* plist */ = {
			isa = PBXGroup;
			children = (
				F5E3A59E0E9BFC1C00464EBA /* mpeClient-Info.plist */,
			);
			name = plist;
			path = src;
			sourceTree = "<group>";
		};
/* End PBXGroup section */

/* Begin PBXNativeTarget section */
		E4B69B5A0A3A1756003C02F2 /* mpeClient */ = {
			isa = PBXNativeTarget;
			buildConfigurationList = E4B69B5F0A3A1757003C02F2 /* Build configuration list for PBXNativeTarget "mpeClient" */;
			buildPhases = (
				E4B69B570A3A1756003C02F2 /* Resources */,
				E4B69B580A3A1756003C02F2 /* Sources */,
				E4B69B590A3A1756003C02F2 /* Frameworks */,
				E4B6FFFD0C3F9AB9008CF71C /* ShellScript */,
			);
			buildRules = (
			);
			dependencies = (
			);
			name = mpeClient;
			productName = myOFApp;
			productReference = E4B69B5B0A3A1756003C02F2 /* mpeClient.app */;
			productType = "com.apple.product-type.application";
		};
/* End PBXNativeTarget section */

/* Begin PBXProject section */
		E4B69B4C0A3A1720003C02F2 /* Project object */ = {
			isa = PBXProject;
			buildConfigurationList = E4B69B4D0A3A1720003C02F2 /* Build configuration list for PBXProject "mpeClient" */;
			compatibilityVersion = "Xcode 2.4";
			hasScannedForEncodings = 0;
			mainGroup = E4B69B4A0A3A1720003C02F2;
			productRefGroup = E4B69B5C0A3A1756003C02F2 /* Products */;
			projectDirPath = "";
			projectRoot = "";
			targets = (
				E4B69B5A0A3A1756003C02F2 /* mpeClient */,
			);
		};
/* End PBXProject section */

/* Begin PBXResourcesBuildPhase section */
		E4B69B570A3A1756003C02F2 /* Resources */ = {
			isa = PBXResourcesBuildPhase;
			buildActionMask = 2147483647;
			files = (
				F5E3A59F0E9BFC1C00464EBA /* mpeClient-Info.plist in Resources */,
			);
			runOnlyForDeploymentPostprocessing = 0;
		};
/* End PBXResourcesBuildPhase section */

/* Begin PBXShellScriptBuildPhase section */
		E4B6FFFD0C3F9AB9008CF71C /* ShellScript */ = {
			isa = PBXShellScriptBuildPhase;
			buildActionMask = 2147483647;
			files = (
			);
			inputPaths = (
			);
			outputPaths = (
			);
			runOnlyForDeploymentPostprocessing = 0;
			shellPath = /bin/sh;
			shellScript = "cp -f ../../../libs/fmodex/lib/libfmodex.dylib \"$TARGET_BUILD_DIR/$PRODUCT_NAME.app/Contents/MacOS/libfmodex.dylib\"\ninstall_name_tool -change ./libfmodex.dylib @executable_path/libfmodex.dylib \"$TARGET_BUILD_DIR/$PRODUCT_NAME.app/Contents/MacOS/$PRODUCT_NAME\" ";
		};
/* End PBXShellScriptBuildPhase section */

/* Begin PBXSourcesBuildPhase section */
		E4B69B580A3A1756003C02F2 /* Sources */ = {
			isa = PBXSourcesBuildPhase;
			buildActionMask = 2147483647;
			files = (
				E4B69E200A3A1BDC003C02F2 /* main.cpp in Sources */,
				E4B69E210A3A1BDC003C02F2 /* testApp.cpp in Sources */,
				E43121A80C7DEC2700E7BC7C /* ofAppRunner.cpp in Sources */,
				E43121A90C7DEC2700E7BC7C /* ofSerial.cpp in Sources */,
				E43121AA0C7DEC2700E7BC7C /* ofGraphics.cpp in Sources */,
				E43121AB0C7DEC2700E7BC7C /* ofImage.cpp in Sources */,
				E43121AC0C7DEC2700E7BC7C /* ofTexture.cpp in Sources */,
				E43121AD0C7DEC2700E7BC7C /* ofTrueTypeFont.cpp in Sources */,
				E43121AE0C7DEC2700E7BC7C /* ofSoundPlayer.cpp in Sources */,
				E43121AF0C7DEC2700E7BC7C /* ofSoundStream.cpp in Sources */,
				E43121B00C7DEC2700E7BC7C /* ofMath.cpp in Sources */,
				E43121B10C7DEC2700E7BC7C /* ofUtils.cpp in Sources */,
				E43121B20C7DEC2700E7BC7C /* ofQtUtils.cpp in Sources */,
				E43121B30C7DEC2700E7BC7C /* ofVideoGrabber.cpp in Sources */,
				E43121B40C7DEC2700E7BC7C /* ofVideoPlayer.cpp in Sources */,
				F5B358FC0E898A7100F9C501 /* ofxXmlSettings.cpp in Sources */,
				F5B358FD0E898A7100F9C501 /* tinyxml.cpp in Sources */,
				F5B358FE0E898A7100F9C501 /* tinyxmlerror.cpp in Sources */,
				F5B358FF0E898A7100F9C501 /* tinyxmlparser.cpp in Sources */,
				F5B359010E898A7100F9C501 /* ofxThread.cpp in Sources */,
				F5B3590E0E898B7200F9C501 /* udpClient.cpp in Sources */,
				F5B359DB0E89947D00F9C501 /* ofxTCPClient.cpp in Sources */,
				F5B359DC0E89947D00F9C501 /* ofxTCPManager.cpp in Sources */,
				F5B359DD0E89947D00F9C501 /* ofxTCPServer.cpp in Sources */,
				F5B359DE0E89947D00F9C501 /* ofxUDPManager.cpp in Sources */,
				F5E3A63C0E9C093500464EBA /* ball.cpp in Sources */,
			);
			runOnlyForDeploymentPostprocessing = 0;
		};
/* End PBXSourcesBuildPhase section */

/* Begin XCBuildConfiguration section */
		E4B69B4E0A3A1720003C02F2 /* Debug */ = {
			isa = XCBuildConfiguration;
			buildSettings = {
				ARCHS = "$(NATIVE_ARCH)";
				CONFIGURATION_BUILD_DIR = "$(SRCROOT)";
				COPY_PHASE_STRIP = NO;
				GCC_INLINES_ARE_PRIVATE_EXTERN = NO;
				GCC_SYMBOLS_PRIVATE_EXTERN = NO;
				GCC_WARN_ABOUT_DEPRECATED_FUNCTIONS = NO;
				GCC_WARN_ABOUT_INVALID_OFFSETOF_MACRO = NO;
				GCC_WARN_ALLOW_INCOMPLETE_PROTOCOL = NO;
				GCC_WARN_UNINITIALIZED_AUTOS = NO;
				GCC_WARN_UNUSED_VALUE = NO;
				GCC_WARN_UNUSED_VARIABLE = NO;
				HEADER_SEARCH_PATHS = (
					../../../libs/fmodex/inc,
					"../../../libs/openFrameworks/**",
					"../../../libs/freeimage/include/**",
					"../../../libs/freetype/include/**",
					../../../libs/GLee/include,
					../../../libs/rtAudio/include,
				);
				OTHER_CPLUSPLUSFLAGS = (
					"-D__MACOSX_CORE__",
					"-lpthread",
				);
				OTHER_LDFLAGS = (
					../../../libs/freetype/lib/freetype.a,
					../../../libs/freeimage/lib/freeimage.a,
					../../../libs/fmodex/lib/libfmodex.dylib,
					../../../libs/GLee/lib/GLee.a,
					../../../libs/rtAudio/lib/rtAudio.a,
					"-framework",
					Carbon,
					"-framework",
					GLUT,
					"-framework",
					CoreFoundation,
					"-framework",
					OpenGL,
					"-framework",
					QuickTime,
					"-framework",
					ApplicationServices,
					"-framework",
					AudioToolbox,
					"-framework",
					CoreAudio,
					"-framework",
					CoreServices,
					"-framework",
					AGL,
				);
				SDKROOT = /Developer/SDKs/MacOSX10.4u.sdk;
			};
			name = Debug;
		};
		E4B69B4F0A3A1720003C02F2 /* Release */ = {
			isa = XCBuildConfiguration;
			buildSettings = {
				ARCHS = (
					ppc,
					i386,
				);
				CONFIGURATION_BUILD_DIR = "$(SRCROOT)";
				COPY_PHASE_STRIP = YES;
				GCC_INLINES_ARE_PRIVATE_EXTERN = NO;
				GCC_SYMBOLS_PRIVATE_EXTERN = NO;
				GCC_WARN_ABOUT_DEPRECATED_FUNCTIONS = NO;
				GCC_WARN_ABOUT_INVALID_OFFSETOF_MACRO = NO;
				GCC_WARN_ALLOW_INCOMPLETE_PROTOCOL = NO;
				GCC_WARN_UNINITIALIZED_AUTOS = NO;
				GCC_WARN_UNUSED_VALUE = NO;
				GCC_WARN_UNUSED_VARIABLE = NO;
				HEADER_SEARCH_PATHS = (
					../../../libs/fmodex/inc,
					"../../../libs/openFrameworks/**",
					"../../../libs/freeimage/include/**",
					"../../../libs/freetype/include/**",
					../../../libs/GLee/include,
					../../../libs/rtAudio/include,
				);
				OTHER_CPLUSPLUSFLAGS = (
					"-D__MACOSX_CORE__",
					"-lpthread",
				);
				OTHER_LDFLAGS = (
					../../../libs/freetype/lib/freetype.a,
					../../../libs/freeimage/lib/freeimage.a,
					../../../libs/fmodex/lib/libfmodex.dylib,
					../../../libs/GLee/lib/GLee.a,
					../../../libs/rtAudio/lib/rtAudio.a,
					"-framework",
					Carbon,
					"-framework",
					GLUT,
					"-framework",
					CoreFoundation,
					"-framework",
					OpenGL,
					"-framework",
					QuickTime,
					"-framework",
					ApplicationServices,
					"-framework",
					AudioToolbox,
					"-framework",
					CoreAudio,
					"-framework",
					CoreServices,
					"-framework",
					AGL,
				);
				SDKROOT = /Developer/SDKs/MacOSX10.4u.sdk;
			};
			name = Release;
		};
		E4B69B600A3A1757003C02F2 /* Debug */ = {
			isa = XCBuildConfiguration;
			buildSettings = {
				COPY_PHASE_STRIP = NO;
				GCC_DYNAMIC_NO_PIC = NO;
				GCC_ENABLE_FIX_AND_CONTINUE = YES;
				GCC_GENERATE_DEBUGGING_SYMBOLS = YES;
				GCC_MODEL_TUNING = G4;
				GCC_OPTIMIZATION_LEVEL = 0;
				GCC_PRECOMPILE_PREFIX_HEADER = YES;
				GCC_PREFIX_HEADER = "$(SYSTEM_LIBRARY_DIR)/Frameworks/Carbon.framework/Headers/Carbon.h";
				INFOPLIST_FILE = "mpeClient-Info.plist";
				INSTALL_PATH = "$(HOME)/Applications";
				PREBINDING = NO;
				PRODUCT_NAME = mpeClientDebug;
				WRAPPER_EXTENSION = app;
				ZERO_LINK = NO;
			};
			name = Debug;
		};
		E4B69B610A3A1757003C02F2 /* Release */ = {
			isa = XCBuildConfiguration;
			buildSettings = {
				COPY_PHASE_STRIP = YES;
				GCC_ENABLE_FIX_AND_CONTINUE = NO;
				GCC_GENERATE_DEBUGGING_SYMBOLS = NO;
				GCC_MODEL_TUNING = G4;
				GCC_PRECOMPILE_PREFIX_HEADER = YES;
				GCC_PREFIX_HEADER = "$(SYSTEM_LIBRARY_DIR)/Frameworks/Carbon.framework/Headers/Carbon.h";
				INFOPLIST_FILE = "mpeClient-Info.plist";
				INSTALL_PATH = "$(HOME)/Applications";
				PREBINDING = NO;
				PRODUCT_NAME = mpeClient;
				WRAPPER_EXTENSION = app;
				ZERO_LINK = NO;
			};
			name = Release;
		};
/* End XCBuildConfiguration section */

/* Begin XCConfigurationList section */
		E4B69B4D0A3A1720003C02F2 /* Build configuration list for PBXProject "mpeClient" */ = {
			isa = XCConfigurationList;
			buildConfigurations = (
				E4B69B4E0A3A1720003C02F2 /* Debug */,
				E4B69B4F0A3A1720003C02F2 /* Release */,
			);
			defaultConfigurationIsVisible = 0;
			defaultConfigurationName = Release;
		};
		E4B69B5F0A3A1757003C02F2 /* Build configuration list for PBXNativeTarget "mpeClient" */ = {
			isa = XCConfigurationList;
			buildConfigurations = (
				E4B69B600A3A1757003C02F2 /* Debug */,
				E4B69B610A3A1757003C02F2 /* Release */,
			);
			defaultConfigurationIsVisible = 0;
			defaultConfigurationName = Release;
		};
/* End XCConfigurationList section */
	};
	rootObject = E4B69B4C0A3A1720003C02F2 /* Project object */;
}
